// !$*UTF8*$!
{
	archiveVersion = 1;
	classes = {
	};
	objectVersion = 55;
	objects = {

/* Begin PBXBuildFile section */
		2EEC356FDBDB4A7CF7C9E78B /* Pods_YummieApp.framework in Frameworks */ = {isa = PBXBuildFile; fileRef = E4403BE7FC7E349BE9F24924 /* Pods_YummieApp.framework */; };
		6623A4BC28E4E83B003BBC99 /* String + Extension.swift in Sources */ = {isa = PBXBuildFile; fileRef = 6623A4BB28E4E83B003BBC99 /* String + Extension.swift */; };
		6623A4BF28E4F42F003BBC99 /* CardView.swift in Sources */ = {isa = PBXBuildFile; fileRef = 6623A4BE28E4F42F003BBC99 /* CardView.swift */; };
		66BE6AF028E591A70099386F /* DishPortraitCollectionViewCell.swift in Sources */ = {isa = PBXBuildFile; fileRef = 66BE6AEE28E591A70099386F /* DishPortraitCollectionViewCell.swift */; };
		66BE6AF128E591A70099386F /* DishPortraitCollectionViewCell.xib in Resources */ = {isa = PBXBuildFile; fileRef = 66BE6AEF28E591A70099386F /* DishPortraitCollectionViewCell.xib */; };
		66BE6AF328E5940F0099386F /* Dish.swift in Sources */ = {isa = PBXBuildFile; fileRef = 66BE6AF228E5940F0099386F /* Dish.swift */; };
		66BE6AF728E5AE380099386F /* DishLandscapeCollectionViewCell.swift in Sources */ = {isa = PBXBuildFile; fileRef = 66BE6AF528E5AE380099386F /* DishLandscapeCollectionViewCell.swift */; };
		66BE6AF828E5AE380099386F /* DishLandscapeCollectionViewCell.xib in Resources */ = {isa = PBXBuildFile; fileRef = 66BE6AF628E5AE380099386F /* DishLandscapeCollectionViewCell.xib */; };
		66BE6AFB28E5D8DC0099386F /* DishDetailViewController.swift in Sources */ = {isa = PBXBuildFile; fileRef = 66BE6AFA28E5D8DC0099386F /* DishDetailViewController.swift */; };
		66CDC53628E4275A00B2B560 /* AppDelegate.swift in Sources */ = {isa = PBXBuildFile; fileRef = 66CDC53528E4275A00B2B560 /* AppDelegate.swift */; };
		66CDC53828E4275A00B2B560 /* SceneDelegate.swift in Sources */ = {isa = PBXBuildFile; fileRef = 66CDC53728E4275A00B2B560 /* SceneDelegate.swift */; };
		66CDC53D28E4275A00B2B560 /* Main.storyboard in Resources */ = {isa = PBXBuildFile; fileRef = 66CDC53B28E4275A00B2B560 /* Main.storyboard */; };
		66CDC53F28E4275C00B2B560 /* Assets.xcassets in Resources */ = {isa = PBXBuildFile; fileRef = 66CDC53E28E4275C00B2B560 /* Assets.xcassets */; };
		66CDC54228E4275C00B2B560 /* LaunchScreen.storyboard in Resources */ = {isa = PBXBuildFile; fileRef = 66CDC54028E4275C00B2B560 /* LaunchScreen.storyboard */; };
		66CDC54F28E42FD300B2B560 /* OnboardingViewController.swift in Sources */ = {isa = PBXBuildFile; fileRef = 66CDC54E28E42FD300B2B560 /* OnboardingViewController.swift */; };
		66CDC55228E43A7A00B2B560 /* UIView + Extension.swift in Sources */ = {isa = PBXBuildFile; fileRef = 66CDC55128E43A7A00B2B560 /* UIView + Extension.swift */; };
		66CDC55428E43BC900B2B560 /* OnboardingSlide.swift in Sources */ = {isa = PBXBuildFile; fileRef = 66CDC55328E43BC900B2B560 /* OnboardingSlide.swift */; };
		66CDC55628E4657E00B2B560 /* OnboardingCollectionViewCell.swift in Sources */ = {isa = PBXBuildFile; fileRef = 66CDC55528E4657E00B2B560 /* OnboardingCollectionViewCell.swift */; };
		66CDC55928E4952C00B2B560 /* HomeViewController.swift in Sources */ = {isa = PBXBuildFile; fileRef = 66CDC55828E4952C00B2B560 /* HomeViewController.swift */; };
		66CDC56028E49E3200B2B560 /* CategoryCollectionViewCell.swift in Sources */ = {isa = PBXBuildFile; fileRef = 66CDC55E28E49E3200B2B560 /* CategoryCollectionViewCell.swift */; };
		66CDC56128E49E3200B2B560 /* CategoryCollectionViewCell.xib in Resources */ = {isa = PBXBuildFile; fileRef = 66CDC55F28E49E3200B2B560 /* CategoryCollectionViewCell.xib */; };
		66CDC56328E4A08F00B2B560 /* DishCategory.swift in Sources */ = {isa = PBXBuildFile; fileRef = 66CDC56228E4A08F00B2B560 /* DishCategory.swift */; };
		66F85A1628E5DB88008CDE32 /* UIViewController + Extension.swift in Sources */ = {isa = PBXBuildFile; fileRef = 66F85A1528E5DB88008CDE32 /* UIViewController + Extension.swift */; };
		66F85A1D28E5EBBB008CDE32 /* DishListTableViewCell.swift in Sources */ = {isa = PBXBuildFile; fileRef = 66F85A1B28E5EBBB008CDE32 /* DishListTableViewCell.swift */; };
		66F85A1E28E5EBBB008CDE32 /* DishListTableViewCell.xib in Resources */ = {isa = PBXBuildFile; fileRef = 66F85A1C28E5EBBB008CDE32 /* DishListTableViewCell.xib */; };
		66F85A2428E5F139008CDE32 /* ListDishesViewController.swift in Sources */ = {isa = PBXBuildFile; fileRef = 66F85A2328E5F139008CDE32 /* ListDishesViewController.swift */; };
		66F85A2728E64648008CDE32 /* ListOrdersViewController.swift in Sources */ = {isa = PBXBuildFile; fileRef = 66F85A2628E64648008CDE32 /* ListOrdersViewController.swift */; };
		66F85A2B28E650A6008CDE32 /* Order.swift in Sources */ = {isa = PBXBuildFile; fileRef = 66F85A2A28E650A6008CDE32 /* Order.swift */; };
/* End PBXBuildFile section */

/* Begin PBXFileReference section */
		2FAE4B885B3E06F0CA3376DD /* Pods-YummieApp.debug.xcconfig */ = {isa = PBXFileReference; includeInIndex = 1; lastKnownFileType = text.xcconfig; name = "Pods-YummieApp.debug.xcconfig"; path = "Target Support Files/Pods-YummieApp/Pods-YummieApp.debug.xcconfig"; sourceTree = "<group>"; };
		6623A4BB28E4E83B003BBC99 /* String + Extension.swift */ = {isa = PBXFileReference; lastKnownFileType = sourcecode.swift; path = "String + Extension.swift"; sourceTree = "<group>"; };
		6623A4BE28E4F42F003BBC99 /* CardView.swift */ = {isa = PBXFileReference; lastKnownFileType = sourcecode.swift; path = CardView.swift; sourceTree = "<group>"; };
		66BE6AEE28E591A70099386F /* DishPortraitCollectionViewCell.swift */ = {isa = PBXFileReference; lastKnownFileType = sourcecode.swift; path = DishPortraitCollectionViewCell.swift; sourceTree = "<group>"; };
		66BE6AEF28E591A70099386F /* DishPortraitCollectionViewCell.xib */ = {isa = PBXFileReference; lastKnownFileType = file.xib; path = DishPortraitCollectionViewCell.xib; sourceTree = "<group>"; };
		66BE6AF228E5940F0099386F /* Dish.swift */ = {isa = PBXFileReference; lastKnownFileType = sourcecode.swift; path = Dish.swift; sourceTree = "<group>"; };
		66BE6AF528E5AE380099386F /* DishLandscapeCollectionViewCell.swift */ = {isa = PBXFileReference; lastKnownFileType = sourcecode.swift; path = DishLandscapeCollectionViewCell.swift; sourceTree = "<group>"; };
		66BE6AF628E5AE380099386F /* DishLandscapeCollectionViewCell.xib */ = {isa = PBXFileReference; lastKnownFileType = file.xib; path = DishLandscapeCollectionViewCell.xib; sourceTree = "<group>"; };
		66BE6AFA28E5D8DC0099386F /* DishDetailViewController.swift */ = {isa = PBXFileReference; lastKnownFileType = sourcecode.swift; path = DishDetailViewController.swift; sourceTree = "<group>"; };
		66CDC53228E4275A00B2B560 /* YummieApp.app */ = {isa = PBXFileReference; explicitFileType = wrapper.application; includeInIndex = 0; path = YummieApp.app; sourceTree = BUILT_PRODUCTS_DIR; };
		66CDC53528E4275A00B2B560 /* AppDelegate.swift */ = {isa = PBXFileReference; lastKnownFileType = sourcecode.swift; path = AppDelegate.swift; sourceTree = "<group>"; };
		66CDC53728E4275A00B2B560 /* SceneDelegate.swift */ = {isa = PBXFileReference; lastKnownFileType = sourcecode.swift; path = SceneDelegate.swift; sourceTree = "<group>"; };
		66CDC53C28E4275A00B2B560 /* Base */ = {isa = PBXFileReference; lastKnownFileType = file.storyboard; name = Base; path = Base.lproj/Main.storyboard; sourceTree = "<group>"; };
		66CDC53E28E4275C00B2B560 /* Assets.xcassets */ = {isa = PBXFileReference; lastKnownFileType = folder.assetcatalog; path = Assets.xcassets; sourceTree = "<group>"; };
		66CDC54128E4275C00B2B560 /* Base */ = {isa = PBXFileReference; lastKnownFileType = file.storyboard; name = Base; path = Base.lproj/LaunchScreen.storyboard; sourceTree = "<group>"; };
		66CDC54328E4275C00B2B560 /* Info.plist */ = {isa = PBXFileReference; lastKnownFileType = text.plist.xml; path = Info.plist; sourceTree = "<group>"; };
		66CDC54E28E42FD300B2B560 /* OnboardingViewController.swift */ = {isa = PBXFileReference; lastKnownFileType = sourcecode.swift; path = OnboardingViewController.swift; sourceTree = "<group>"; };
		66CDC55128E43A7A00B2B560 /* UIView + Extension.swift */ = {isa = PBXFileReference; lastKnownFileType = sourcecode.swift; path = "UIView + Extension.swift"; sourceTree = "<group>"; };
		66CDC55328E43BC900B2B560 /* OnboardingSlide.swift */ = {isa = PBXFileReference; lastKnownFileType = sourcecode.swift; path = OnboardingSlide.swift; sourceTree = "<group>"; };
		66CDC55528E4657E00B2B560 /* OnboardingCollectionViewCell.swift */ = {isa = PBXFileReference; lastKnownFileType = sourcecode.swift; path = OnboardingCollectionViewCell.swift; sourceTree = "<group>"; };
		66CDC55828E4952C00B2B560 /* HomeViewController.swift */ = {isa = PBXFileReference; lastKnownFileType = sourcecode.swift; path = HomeViewController.swift; sourceTree = "<group>"; };
		66CDC55E28E49E3200B2B560 /* CategoryCollectionViewCell.swift */ = {isa = PBXFileReference; lastKnownFileType = sourcecode.swift; path = CategoryCollectionViewCell.swift; sourceTree = "<group>"; };
		66CDC55F28E49E3200B2B560 /* CategoryCollectionViewCell.xib */ = {isa = PBXFileReference; lastKnownFileType = file.xib; path = CategoryCollectionViewCell.xib; sourceTree = "<group>"; };
		66CDC56228E4A08F00B2B560 /* DishCategory.swift */ = {isa = PBXFileReference; lastKnownFileType = sourcecode.swift; path = DishCategory.swift; sourceTree = "<group>"; };
		66F85A1528E5DB88008CDE32 /* UIViewController + Extension.swift */ = {isa = PBXFileReference; lastKnownFileType = sourcecode.swift; path = "UIViewController + Extension.swift"; sourceTree = "<group>"; };
		66F85A1B28E5EBBB008CDE32 /* DishListTableViewCell.swift */ = {isa = PBXFileReference; lastKnownFileType = sourcecode.swift; path = DishListTableViewCell.swift; sourceTree = "<group>"; };
		66F85A1C28E5EBBB008CDE32 /* DishListTableViewCell.xib */ = {isa = PBXFileReference; lastKnownFileType = file.xib; path = DishListTableViewCell.xib; sourceTree = "<group>"; };
		66F85A2328E5F139008CDE32 /* ListDishesViewController.swift */ = {isa = PBXFileReference; lastKnownFileType = sourcecode.swift; path = ListDishesViewController.swift; sourceTree = "<group>"; };
		66F85A2628E64648008CDE32 /* ListOrdersViewController.swift */ = {isa = PBXFileReference; lastKnownFileType = sourcecode.swift; path = ListOrdersViewController.swift; sourceTree = "<group>"; };
		66F85A2A28E650A6008CDE32 /* Order.swift */ = {isa = PBXFileReference; lastKnownFileType = sourcecode.swift; path = Order.swift; sourceTree = "<group>"; };
		B9B4FD7E277C23FB772D9B21 /* Pods-YummieApp.release.xcconfig */ = {isa = PBXFileReference; includeInIndex = 1; lastKnownFileType = text.xcconfig; name = "Pods-YummieApp.release.xcconfig"; path = "Target Support Files/Pods-YummieApp/Pods-YummieApp.release.xcconfig"; sourceTree = "<group>"; };
		E4403BE7FC7E349BE9F24924 /* Pods_YummieApp.framework */ = {isa = PBXFileReference; explicitFileType = wrapper.framework; includeInIndex = 0; path = Pods_YummieApp.framework; sourceTree = BUILT_PRODUCTS_DIR; };
/* End PBXFileReference section */

/* Begin PBXFrameworksBuildPhase section */
		66CDC52F28E4275A00B2B560 /* Frameworks */ = {
			isa = PBXFrameworksBuildPhase;
			buildActionMask = 2147483647;
			files = (
				2EEC356FDBDB4A7CF7C9E78B /* Pods_YummieApp.framework in Frameworks */,
			);
			runOnlyForDeploymentPostprocessing = 0;
		};
/* End PBXFrameworksBuildPhase section */

/* Begin PBXGroup section */
		11BE68C3815A11C1E373F0DF /* Pods */ = {
			isa = PBXGroup;
			children = (
				2FAE4B885B3E06F0CA3376DD /* Pods-YummieApp.debug.xcconfig */,
				B9B4FD7E277C23FB772D9B21 /* Pods-YummieApp.release.xcconfig */,
			);
			path = Pods;
			sourceTree = "<group>";
		};
		6623A4BD28E4F418003BBC99 /* CardView */ = {
			isa = PBXGroup;
			children = (
				6623A4BE28E4F42F003BBC99 /* CardView.swift */,
			);
			path = CardView;
			sourceTree = "<group>";
		};
		66BE6AED28E5916C0099386F /* DishPortraitCollectionViewCell */ = {
			isa = PBXGroup;
			children = (
				66BE6AEE28E591A70099386F /* DishPortraitCollectionViewCell.swift */,
				66BE6AEF28E591A70099386F /* DishPortraitCollectionViewCell.xib */,
			);
			path = DishPortraitCollectionViewCell;
			sourceTree = "<group>";
		};
		66BE6AF428E5AE090099386F /* DishLandscapeCollectionViewCell */ = {
			isa = PBXGroup;
			children = (
				66BE6AF528E5AE380099386F /* DishLandscapeCollectionViewCell.swift */,
				66BE6AF628E5AE380099386F /* DishLandscapeCollectionViewCell.xib */,
			);
			path = DishLandscapeCollectionViewCell;
			sourceTree = "<group>";
		};
		66BE6AF928E5D8AF0099386F /* DishDetail */ = {
			isa = PBXGroup;
			children = (
				66BE6AFA28E5D8DC0099386F /* DishDetailViewController.swift */,
			);
			path = DishDetail;
			sourceTree = "<group>";
		};
		66CDC52928E4275A00B2B560 = {
			isa = PBXGroup;
			children = (
				66CDC53428E4275A00B2B560 /* YummieApp */,
				66CDC53328E4275A00B2B560 /* Products */,
				11BE68C3815A11C1E373F0DF /* Pods */,
				F53B7829DC23C49392607A70 /* Frameworks */,
			);
			sourceTree = "<group>";
		};
		66CDC53328E4275A00B2B560 /* Products */ = {
			isa = PBXGroup;
			children = (
				66CDC53228E4275A00B2B560 /* YummieApp.app */,
			);
			name = Products;
			sourceTree = "<group>";
		};
		66CDC53428E4275A00B2B560 /* YummieApp */ = {
			isa = PBXGroup;
			children = (
				66CDC55028E43A4F00B2B560 /* Extensions */,
				66CDC54C28E42F7900B2B560 /* CustomViews */,
				66CDC54B28E42F6800B2B560 /* Models */,
				66CDC54A28E42F5500B2B560 /* Views */,
				66CDC53528E4275A00B2B560 /* AppDelegate.swift */,
				66CDC53728E4275A00B2B560 /* SceneDelegate.swift */,
				66CDC53B28E4275A00B2B560 /* Main.storyboard */,
				66CDC53E28E4275C00B2B560 /* Assets.xcassets */,
				66CDC54028E4275C00B2B560 /* LaunchScreen.storyboard */,
				66CDC54328E4275C00B2B560 /* Info.plist */,
			);
			path = YummieApp;
			sourceTree = "<group>";
		};
		66CDC54A28E42F5500B2B560 /* Views */ = {
			isa = PBXGroup;
			children = (
				66F85A2528E6462F008CDE32 /* ListOrders */,
				66F85A2228E5F0EF008CDE32 /* ListDishes */,
				66BE6AF928E5D8AF0099386F /* DishDetail */,
				66CDC55728E4951600B2B560 /* Home */,
				66CDC54D28E42F8F00B2B560 /* Onboarding */,
			);
			path = Views;
			sourceTree = "<group>";
		};
		66CDC54B28E42F6800B2B560 /* Models */ = {
			isa = PBXGroup;
			children = (
				66CDC55328E43BC900B2B560 /* OnboardingSlide.swift */,
				66CDC56228E4A08F00B2B560 /* DishCategory.swift */,
				66BE6AF228E5940F0099386F /* Dish.swift */,
				66F85A2A28E650A6008CDE32 /* Order.swift */,
			);
			path = Models;
			sourceTree = "<group>";
		};
		66CDC54C28E42F7900B2B560 /* CustomViews */ = {
			isa = PBXGroup;
			children = (
				66F85A1728E5EB53008CDE32 /* TableViewCells */,
				6623A4BD28E4F418003BBC99 /* CardView */,
				66CDC55A28E49DC500B2B560 /* CollectionViewCells */,
			);
			path = CustomViews;
			sourceTree = "<group>";
		};
		66CDC54D28E42F8F00B2B560 /* Onboarding */ = {
			isa = PBXGroup;
			children = (
				66CDC54E28E42FD300B2B560 /* OnboardingViewController.swift */,
				66CDC55528E4657E00B2B560 /* OnboardingCollectionViewCell.swift */,
			);
			path = Onboarding;
			sourceTree = "<group>";
		};
		66CDC55028E43A4F00B2B560 /* Extensions */ = {
			isa = PBXGroup;
			children = (
				66CDC55128E43A7A00B2B560 /* UIView + Extension.swift */,
				6623A4BB28E4E83B003BBC99 /* String + Extension.swift */,
				66F85A1528E5DB88008CDE32 /* UIViewController + Extension.swift */,
			);
			path = Extensions;
			sourceTree = "<group>";
		};
		66CDC55728E4951600B2B560 /* Home */ = {
			isa = PBXGroup;
			children = (
				66CDC55828E4952C00B2B560 /* HomeViewController.swift */,
			);
			path = Home;
			sourceTree = "<group>";
		};
		66CDC55A28E49DC500B2B560 /* CollectionViewCells */ = {
			isa = PBXGroup;
			children = (
				66BE6AF428E5AE090099386F /* DishLandscapeCollectionViewCell */,
				66BE6AED28E5916C0099386F /* DishPortraitCollectionViewCell */,
				66CDC55B28E49DDB00B2B560 /* CategoryColletionView */,
			);
			path = CollectionViewCells;
			sourceTree = "<group>";
		};
		66CDC55B28E49DDB00B2B560 /* CategoryColletionView */ = {
			isa = PBXGroup;
			children = (
				66CDC55E28E49E3200B2B560 /* CategoryCollectionViewCell.swift */,
				66CDC55F28E49E3200B2B560 /* CategoryCollectionViewCell.xib */,
			);
			path = CategoryColletionView;
			sourceTree = "<group>";
		};
		66F85A1728E5EB53008CDE32 /* TableViewCells */ = {
			isa = PBXGroup;
			children = (
				66F85A1828E5EB60008CDE32 /* DishListTableViewCell */,
			);
			path = TableViewCells;
			sourceTree = "<group>";
		};
		66F85A1828E5EB60008CDE32 /* DishListTableViewCell */ = {
			isa = PBXGroup;
			children = (
				66F85A1B28E5EBBB008CDE32 /* DishListTableViewCell.swift */,
				66F85A1C28E5EBBB008CDE32 /* DishListTableViewCell.xib */,
			);
			path = DishListTableViewCell;
			sourceTree = "<group>";
		};
		66F85A2228E5F0EF008CDE32 /* ListDishes */ = {
			isa = PBXGroup;
			children = (
				66F85A2328E5F139008CDE32 /* ListDishesViewController.swift */,
			);
			path = ListDishes;
			sourceTree = "<group>";
		};
		66F85A2528E6462F008CDE32 /* ListOrders */ = {
			isa = PBXGroup;
			children = (
				66F85A2628E64648008CDE32 /* ListOrdersViewController.swift */,
			);
			path = ListOrders;
			sourceTree = "<group>";
		};
		F53B7829DC23C49392607A70 /* Frameworks */ = {
			isa = PBXGroup;
			children = (
				E4403BE7FC7E349BE9F24924 /* Pods_YummieApp.framework */,
			);
			name = Frameworks;
			sourceTree = "<group>";
		};
/* End PBXGroup section */

/* Begin PBXNativeTarget section */
		66CDC53128E4275A00B2B560 /* YummieApp */ = {
			isa = PBXNativeTarget;
			buildConfigurationList = 66CDC54628E4275C00B2B560 /* Build configuration list for PBXNativeTarget "YummieApp" */;
			buildPhases = (
				C92194F2568D940406FA4C9A /* [CP] Check Pods Manifest.lock */,
				66CDC52E28E4275A00B2B560 /* Sources */,
				66CDC52F28E4275A00B2B560 /* Frameworks */,
				66CDC53028E4275A00B2B560 /* Resources */,
				ECD341B92F8867ADC20BC664 /* [CP] Embed Pods Frameworks */,
			);
			buildRules = (
			);
			dependencies = (
			);
			name = YummieApp;
			productName = YummieApp;
			productReference = 66CDC53228E4275A00B2B560 /* YummieApp.app */;
			productType = "com.apple.product-type.application";
		};
/* End PBXNativeTarget section */

/* Begin PBXProject section */
		66CDC52A28E4275A00B2B560 /* Project object */ = {
			isa = PBXProject;
			attributes = {
				BuildIndependentTargetsInParallel = 1;
				LastSwiftUpdateCheck = 1340;
				LastUpgradeCheck = 1340;
				TargetAttributes = {
					66CDC53128E4275A00B2B560 = {
						CreatedOnToolsVersion = 13.4.1;
					};
				};
			};
			buildConfigurationList = 66CDC52D28E4275A00B2B560 /* Build configuration list for PBXProject "YummieApp" */;
			compatibilityVersion = "Xcode 13.0";
			developmentRegion = en;
			hasScannedForEncodings = 0;
			knownRegions = (
				en,
				Base,
			);
			mainGroup = 66CDC52928E4275A00B2B560;
			productRefGroup = 66CDC53328E4275A00B2B560 /* Products */;
			projectDirPath = "";
			projectRoot = "";
			targets = (
				66CDC53128E4275A00B2B560 /* YummieApp */,
			);
		};
/* End PBXProject section */

/* Begin PBXResourcesBuildPhase section */
		66CDC53028E4275A00B2B560 /* Resources */ = {
			isa = PBXResourcesBuildPhase;
			buildActionMask = 2147483647;
			files = (
				66CDC56128E49E3200B2B560 /* CategoryCollectionViewCell.xib in Resources */,
				66F85A1E28E5EBBB008CDE32 /* DishListTableViewCell.xib in Resources */,
				66CDC54228E4275C00B2B560 /* LaunchScreen.storyboard in Resources */,
				66BE6AF128E591A70099386F /* DishPortraitCollectionViewCell.xib in Resources */,
				66CDC53F28E4275C00B2B560 /* Assets.xcassets in Resources */,
				66BE6AF828E5AE380099386F /* DishLandscapeCollectionViewCell.xib in Resources */,
				66CDC53D28E4275A00B2B560 /* Main.storyboard in Resources */,
			);
			runOnlyForDeploymentPostprocessing = 0;
		};
/* End PBXResourcesBuildPhase section */

/* Begin PBXShellScriptBuildPhase section */
		C92194F2568D940406FA4C9A /* [CP] Check Pods Manifest.lock */ = {
			isa = PBXShellScriptBuildPhase;
			buildActionMask = 2147483647;
			files = (
			);
			inputFileListPaths = (
			);
			inputPaths = (
				"${PODS_PODFILE_DIR_PATH}/Podfile.lock",
				"${PODS_ROOT}/Manifest.lock",
			);
			name = "[CP] Check Pods Manifest.lock";
			outputFileListPaths = (
			);
			outputPaths = (
				"$(DERIVED_FILE_DIR)/Pods-YummieApp-checkManifestLockResult.txt",
			);
			runOnlyForDeploymentPostprocessing = 0;
			shellPath = /bin/sh;
			shellScript = "diff \"${PODS_PODFILE_DIR_PATH}/Podfile.lock\" \"${PODS_ROOT}/Manifest.lock\" > /dev/null\nif [ $? != 0 ] ; then\n    # print error to STDERR\n    echo \"error: The sandbox is not in sync with the Podfile.lock. Run 'pod install' or update your CocoaPods installation.\" >&2\n    exit 1\nfi\n# This output is used by Xcode 'outputs' to avoid re-running this script phase.\necho \"SUCCESS\" > \"${SCRIPT_OUTPUT_FILE_0}\"\n";
			showEnvVarsInLog = 0;
		};
		ECD341B92F8867ADC20BC664 /* [CP] Embed Pods Frameworks */ = {
			isa = PBXShellScriptBuildPhase;
			buildActionMask = 2147483647;
			files = (
			);
			inputFileListPaths = (
				"${PODS_ROOT}/Target Support Files/Pods-YummieApp/Pods-YummieApp-frameworks-${CONFIGURATION}-input-files.xcfilelist",
			);
			name = "[CP] Embed Pods Frameworks";
			outputFileListPaths = (
				"${PODS_ROOT}/Target Support Files/Pods-YummieApp/Pods-YummieApp-frameworks-${CONFIGURATION}-output-files.xcfilelist",
			);
			runOnlyForDeploymentPostprocessing = 0;
			shellPath = /bin/sh;
			shellScript = "\"${PODS_ROOT}/Target Support Files/Pods-YummieApp/Pods-YummieApp-frameworks.sh\"\n";
			showEnvVarsInLog = 0;
		};
/* End PBXShellScriptBuildPhase section */

/* Begin PBXSourcesBuildPhase section */
		66CDC52E28E4275A00B2B560 /* Sources */ = {
			isa = PBXSourcesBuildPhase;
			buildActionMask = 2147483647;
			files = (
				66F85A2428E5F139008CDE32 /* ListDishesViewController.swift in Sources */,
				66F85A2728E64648008CDE32 /* ListOrdersViewController.swift in Sources */,
				66F85A2B28E650A6008CDE32 /* Order.swift in Sources */,
				66F85A1D28E5EBBB008CDE32 /* DishListTableViewCell.swift in Sources */,
				66CDC56028E49E3200B2B560 /* CategoryCollectionViewCell.swift in Sources */,
				66CDC55428E43BC900B2B560 /* OnboardingSlide.swift in Sources */,
				6623A4BC28E4E83B003BBC99 /* String + Extension.swift in Sources */,
				66CDC55228E43A7A00B2B560 /* UIView + Extension.swift in Sources */,
				66CDC53628E4275A00B2B560 /* AppDelegate.swift in Sources */,
				66CDC54F28E42FD300B2B560 /* OnboardingViewController.swift in Sources */,
				66BE6AFB28E5D8DC0099386F /* DishDetailViewController.swift in Sources */,
				66CDC53828E4275A00B2B560 /* SceneDelegate.swift in Sources */,
				66CDC55928E4952C00B2B560 /* HomeViewController.swift in Sources */,
				66BE6AF728E5AE380099386F /* DishLandscapeCollectionViewCell.swift in Sources */,
				66F85A1628E5DB88008CDE32 /* UIViewController + Extension.swift in Sources */,
				66CDC56328E4A08F00B2B560 /* DishCategory.swift in Sources */,
				6623A4BF28E4F42F003BBC99 /* CardView.swift in Sources */,
				66CDC55628E4657E00B2B560 /* OnboardingCollectionViewCell.swift in Sources */,
				66BE6AF328E5940F0099386F /* Dish.swift in Sources */,
				66BE6AF028E591A70099386F /* DishPortraitCollectionViewCell.swift in Sources */,
			);
			runOnlyForDeploymentPostprocessing = 0;
		};
/* End PBXSourcesBuildPhase section */

/* Begin PBXVariantGroup section */
		66CDC53B28E4275A00B2B560 /* Main.storyboard */ = {
			isa = PBXVariantGroup;
			children = (
				66CDC53C28E4275A00B2B560 /* Base */,
			);
			name = Main.storyboard;
			sourceTree = "<group>";
		};
		66CDC54028E4275C00B2B560 /* LaunchScreen.storyboard */ = {
			isa = PBXVariantGroup;
			children = (
				66CDC54128E4275C00B2B560 /* Base */,
			);
			name = LaunchScreen.storyboard;
			sourceTree = "<group>";
		};
/* End PBXVariantGroup section */

/* Begin XCBuildConfiguration section */
		66CDC54428E4275C00B2B560 /* Debug */ = {
			isa = XCBuildConfiguration;
			buildSettings = {
				ALWAYS_SEARCH_USER_PATHS = NO;
				CLANG_ANALYZER_NONNULL = YES;
				CLANG_ANALYZER_NUMBER_OBJECT_CONVERSION = YES_AGGRESSIVE;
				CLANG_CXX_LANGUAGE_STANDARD = "gnu++17";
				CLANG_ENABLE_MODULES = YES;
				CLANG_ENABLE_OBJC_ARC = YES;
				CLANG_ENABLE_OBJC_WEAK = YES;
				CLANG_WARN_BLOCK_CAPTURE_AUTORELEASING = YES;
				CLANG_WARN_BOOL_CONVERSION = YES;
				CLANG_WARN_COMMA = YES;
				CLANG_WARN_CONSTANT_CONVERSION = YES;
				CLANG_WARN_DEPRECATED_OBJC_IMPLEMENTATIONS = YES;
				CLANG_WARN_DIRECT_OBJC_ISA_USAGE = YES_ERROR;
				CLANG_WARN_DOCUMENTATION_COMMENTS = YES;
				CLANG_WARN_EMPTY_BODY = YES;
				CLANG_WARN_ENUM_CONVERSION = YES;
				CLANG_WARN_INFINITE_RECURSION = YES;
				CLANG_WARN_INT_CONVERSION = YES;
				CLANG_WARN_NON_LITERAL_NULL_CONVERSION = YES;
				CLANG_WARN_OBJC_IMPLICIT_RETAIN_SELF = YES;
				CLANG_WARN_OBJC_LITERAL_CONVERSION = YES;
				CLANG_WARN_OBJC_ROOT_CLASS = YES_ERROR;
				CLANG_WARN_QUOTED_INCLUDE_IN_FRAMEWORK_HEADER = YES;
				CLANG_WARN_RANGE_LOOP_ANALYSIS = YES;
				CLANG_WARN_STRICT_PROTOTYPES = YES;
				CLANG_WARN_SUSPICIOUS_MOVE = YES;
				CLANG_WARN_UNGUARDED_AVAILABILITY = YES_AGGRESSIVE;
				CLANG_WARN_UNREACHABLE_CODE = YES;
				CLANG_WARN__DUPLICATE_METHOD_MATCH = YES;
				COPY_PHASE_STRIP = NO;
				DEBUG_INFORMATION_FORMAT = dwarf;
				ENABLE_STRICT_OBJC_MSGSEND = YES;
				ENABLE_TESTABILITY = YES;
				GCC_C_LANGUAGE_STANDARD = gnu11;
				GCC_DYNAMIC_NO_PIC = NO;
				GCC_NO_COMMON_BLOCKS = YES;
				GCC_OPTIMIZATION_LEVEL = 0;
				GCC_PREPROCESSOR_DEFINITIONS = (
					"DEBUG=1",
					"$(inherited)",
				);
				GCC_WARN_64_TO_32_BIT_CONVERSION = YES;
				GCC_WARN_ABOUT_RETURN_TYPE = YES_ERROR;
				GCC_WARN_UNDECLARED_SELECTOR = YES;
				GCC_WARN_UNINITIALIZED_AUTOS = YES_AGGRESSIVE;
				GCC_WARN_UNUSED_FUNCTION = YES;
				GCC_WARN_UNUSED_VARIABLE = YES;
				IPHONEOS_DEPLOYMENT_TARGET = 15.5;
				MTL_ENABLE_DEBUG_INFO = INCLUDE_SOURCE;
				MTL_FAST_MATH = YES;
				ONLY_ACTIVE_ARCH = YES;
				SDKROOT = iphoneos;
				SWIFT_ACTIVE_COMPILATION_CONDITIONS = DEBUG;
				SWIFT_OPTIMIZATION_LEVEL = "-Onone";
			};
			name = Debug;
		};
		66CDC54528E4275C00B2B560 /* Release */ = {
			isa = XCBuildConfiguration;
			buildSettings = {
				ALWAYS_SEARCH_USER_PATHS = NO;
				CLANG_ANALYZER_NONNULL = YES;
				CLANG_ANALYZER_NUMBER_OBJECT_CONVERSION = YES_AGGRESSIVE;
				CLANG_CXX_LANGUAGE_STANDARD = "gnu++17";
				CLANG_ENABLE_MODULES = YES;
				CLANG_ENABLE_OBJC_ARC = YES;
				CLANG_ENABLE_OBJC_WEAK = YES;
				CLANG_WARN_BLOCK_CAPTURE_AUTORELEASING = YES;
				CLANG_WARN_BOOL_CONVERSION = YES;
				CLANG_WARN_COMMA = YES;
				CLANG_WARN_CONSTANT_CONVERSION = YES;
				CLANG_WARN_DEPRECATED_OBJC_IMPLEMENTATIONS = YES;
				CLANG_WARN_DIRECT_OBJC_ISA_USAGE = YES_ERROR;
				CLANG_WARN_DOCUMENTATION_COMMENTS = YES;
				CLANG_WARN_EMPTY_BODY = YES;
				CLANG_WARN_ENUM_CONVERSION = YES;
				CLANG_WARN_INFINITE_RECURSION = YES;
				CLANG_WARN_INT_CONVERSION = YES;
				CLANG_WARN_NON_LITERAL_NULL_CONVERSION = YES;
				CLANG_WARN_OBJC_IMPLICIT_RETAIN_SELF = YES;
				CLANG_WARN_OBJC_LITERAL_CONVERSION = YES;
				CLANG_WARN_OBJC_ROOT_CLASS = YES_ERROR;
				CLANG_WARN_QUOTED_INCLUDE_IN_FRAMEWORK_HEADER = YES;
				CLANG_WARN_RANGE_LOOP_ANALYSIS = YES;
				CLANG_WARN_STRICT_PROTOTYPES = YES;
				CLANG_WARN_SUSPICIOUS_MOVE = YES;
				CLANG_WARN_UNGUARDED_AVAILABILITY = YES_AGGRESSIVE;
				CLANG_WARN_UNREACHABLE_CODE = YES;
				CLANG_WARN__DUPLICATE_METHOD_MATCH = YES;
				COPY_PHASE_STRIP = NO;
				DEBUG_INFORMATION_FORMAT = "dwarf-with-dsym";
				ENABLE_NS_ASSERTIONS = NO;
				ENABLE_STRICT_OBJC_MSGSEND = YES;
				GCC_C_LANGUAGE_STANDARD = gnu11;
				GCC_NO_COMMON_BLOCKS = YES;
				GCC_WARN_64_TO_32_BIT_CONVERSION = YES;
				GCC_WARN_ABOUT_RETURN_TYPE = YES_ERROR;
				GCC_WARN_UNDECLARED_SELECTOR = YES;
				GCC_WARN_UNINITIALIZED_AUTOS = YES_AGGRESSIVE;
				GCC_WARN_UNUSED_FUNCTION = YES;
				GCC_WARN_UNUSED_VARIABLE = YES;
				IPHONEOS_DEPLOYMENT_TARGET = 15.5;
				MTL_ENABLE_DEBUG_INFO = NO;
				MTL_FAST_MATH = YES;
				SDKROOT = iphoneos;
				SWIFT_COMPILATION_MODE = wholemodule;
				SWIFT_OPTIMIZATION_LEVEL = "-O";
				VALIDATE_PRODUCT = YES;
			};
			name = Release;
		};
		66CDC54728E4275C00B2B560 /* Debug */ = {
			isa = XCBuildConfiguration;
			baseConfigurationReference = 2FAE4B885B3E06F0CA3376DD /* Pods-YummieApp.debug.xcconfig */;
			buildSettings = {
				ASSETCATALOG_COMPILER_APPICON_NAME = "AppIcon-1";
				ASSETCATALOG_COMPILER_GLOBAL_ACCENT_COLOR_NAME = AccentColor;
				CODE_SIGN_STYLE = Automatic;
				CURRENT_PROJECT_VERSION = 1;
				DEVELOPMENT_TEAM = 8HQ36BVQ22;
				GENERATE_INFOPLIST_FILE = YES;
				INFOPLIST_FILE = YummieApp/Info.plist;
				INFOPLIST_KEY_UIApplicationSupportsIndirectInputEvents = YES;
				INFOPLIST_KEY_UILaunchStoryboardName = LaunchScreen;
				INFOPLIST_KEY_UIMainStoryboardFile = Main;
				INFOPLIST_KEY_UISupportedInterfaceOrientations_iPad = "UIInterfaceOrientationPortrait UIInterfaceOrientationPortraitUpsideDown UIInterfaceOrientationLandscapeLeft UIInterfaceOrientationLandscapeRight";
				INFOPLIST_KEY_UISupportedInterfaceOrientations_iPhone = "UIInterfaceOrientationPortrait UIInterfaceOrientationLandscapeLeft UIInterfaceOrientationLandscapeRight";
				LD_RUNPATH_SEARCH_PATHS = (
					"$(inherited)",
					"@executable_path/Frameworks",
				);
				MARKETING_VERSION = 1.0;
				PRODUCT_BUNDLE_IDENTIFIER = com.info.YummieApp;
				PRODUCT_NAME = "$(TARGET_NAME)";
				SWIFT_EMIT_LOC_STRINGS = YES;
				SWIFT_VERSION = 5.0;
				TARGETED_DEVICE_FAMILY = "1,2";
			};
			name = Debug;
		};
		66CDC54828E4275C00B2B560 /* Release */ = {
			isa = XCBuildConfiguration;
			baseConfigurationReference = B9B4FD7E277C23FB772D9B21 /* Pods-YummieApp.release.xcconfig */;
			buildSettings = {
				ASSETCATALOG_COMPILER_APPICON_NAME = "AppIcon-1";
				ASSETCATALOG_COMPILER_GLOBAL_ACCENT_COLOR_NAME = AccentColor;
				CODE_SIGN_STYLE = Automatic;
				CURRENT_PROJECT_VERSION = 1;
				DEVELOPMENT_TEAM = 8HQ36BVQ22;
				GENERATE_INFOPLIST_FILE = YES;
				INFOPLIST_FILE = YummieApp/Info.plist;
				INFOPLIST_KEY_UIApplicationSupportsIndirectInputEvents = YES;
				INFOPLIST_KEY_UILaunchStoryboardName = LaunchScreen;
				INFOPLIST_KEY_UIMainStoryboardFile = Main;
				INFOPLIST_KEY_UISupportedInterfaceOrientations_iPad = "UIInterfaceOrientationPortrait UIInterfaceOrientationPortraitUpsideDown UIInterfaceOrientationLandscapeLeft UIInterfaceOrientationLandscapeRight";
				INFOPLIST_KEY_UISupportedInterfaceOrientations_iPhone = "UIInterfaceOrientationPortrait UIInterfaceOrientationLandscapeLeft UIInterfaceOrientationLandscapeRight";
				LD_RUNPATH_SEARCH_PATHS = (
					"$(inherited)",
					"@executable_path/Frameworks",
				);
				MARKETING_VERSION = 1.0;
				PRODUCT_BUNDLE_IDENTIFIER = com.info.YummieApp;
				PRODUCT_NAME = "$(TARGET_NAME)";
				SWIFT_EMIT_LOC_STRINGS = YES;
				SWIFT_VERSION = 5.0;
				TARGETED_DEVICE_FAMILY = "1,2";
			};
			name = Release;
		};
/* End XCBuildConfiguration section */

/* Begin XCConfigurationList section */
		66CDC52D28E4275A00B2B560 /* Build configuration list for PBXProject "YummieApp" */ = {
			isa = XCConfigurationList;
			buildConfigurations = (
				66CDC54428E4275C00B2B560 /* Debug */,
				66CDC54528E4275C00B2B560 /* Release */,
			);
			defaultConfigurationIsVisible = 0;
			defaultConfigurationName = Release;
		};
		66CDC54628E4275C00B2B560 /* Build configuration list for PBXNativeTarget "YummieApp" */ = {
			isa = XCConfigurationList;
			buildConfigurations = (
				66CDC54728E4275C00B2B560 /* Debug */,
				66CDC54828E4275C00B2B560 /* Release */,
			);
			defaultConfigurationIsVisible = 0;
			defaultConfigurationName = Release;
		};
/* End XCConfigurationList section */
	};
	rootObject = 66CDC52A28E4275A00B2B560 /* Project object */;
}
